
Microsoft Visual Studio Solution File, Format Version 12.00
# Visual Studio Version 16
VisualStudioVersion = 16.0.30011.22
MinimumVisualStudioVersion = 10.0.40219.1
Project("{9A19103F-16F7-4668-BE54-9A1E7A4F7556}") = "Lore-Buissnes-Rules-Service", "Lore-Buissnes-Rules-Service\Lore-Buissnes-Rules-Service.csproj", "{20A131F4-BC49-4B49-B0C7-F970CB0E553D}"
EndProject
Project("{FAE04EC0-301F-11D3-BF4B-00C04F79EFBC}") = "Lore-Buissnes-Rules-Service-xUnit-Tests", "Lore-Buissnes-Rules-Service-xUnit-Tests\Lore-Buissnes-Rules-Service-xUnit-Tests.csproj", "{3E56D55A-E5DC-4BFC-AC6E-CDCEAC1985E8}"
EndProject
Global
	GlobalSection(SolutionConfigurationPlatforms) = preSolution
		Debug|Any CPU = Debug|Any CPU
		Release|Any CPU = Release|Any CPU
	EndGlobalSection
	GlobalSection(ProjectConfigurationPlatforms) = postSolution
		{20A131F4-BC49-4B49-B0C7-F970CB0E553D}.Debug|Any CPU.ActiveCfg = Debug|Any CPU
		{20A131F4-BC49-4B49-B0C7-F970CB0E553D}.Debug|Any CPU.Build.0 = Debug|Any CPU
		{20A131F4-BC49-4B49-B0C7-F970CB0E553D}.Release|Any CPU.ActiveCfg = Release|Any CPU
		{20A131F4-BC49-4B49-B0C7-F970CB0E553D}.Release|Any CPU.Build.0 = Release|Any CPU
		{3E56D55A-E5DC-4BFC-AC6E-CDCEAC1985E8}.Debug|Any CPU.ActiveCfg = Debug|Any CPU
		{3E56D55A-E5DC-4BFC-AC6E-CDCEAC1985E8}.Debug|Any CPU.Build.0 = Debug|Any CPU
		{3E56D55A-E5DC-4BFC-AC6E-CDCEAC1985E8}.Release|Any CPU.ActiveCfg = Release|Any CPU
		{3E56D55A-E5DC-4BFC-AC6E-CDCEAC1985E8}.Release|Any CPU.Build.0 = Release|Any CPU
	EndGlobalSection
	GlobalSection(SolutionProperties) = preSolution
		HideSolutionNode = FALSE
	EndGlobalSection
	GlobalSection(ExtensibilityGlobals) = postSolution
		SolutionGuid = {1E5FDE39-86FF-47AD-B7FF-A9E9F2E45072}
	EndGlobalSection
EndGlobal
